// !$*UTF8*$!
{
	archiveVersion = 1;
	classes = {
	};
	objectVersion = 50;
	objects = {

/* Begin PBXBuildFile section */
		6353ACF626150EE00046CEA9 /* AppDelegate.swift in Sources */ = {isa = PBXBuildFile; fileRef = 6353ACF526150EE00046CEA9 /* AppDelegate.swift */; };
		6353ACF826150EE00046CEA9 /* SceneDelegate.swift in Sources */ = {isa = PBXBuildFile; fileRef = 6353ACF726150EE00046CEA9 /* SceneDelegate.swift */; };
		6353ACFA26150EE00046CEA9 /* LoginViewController.swift in Sources */ = {isa = PBXBuildFile; fileRef = 6353ACF926150EE00046CEA9 /* LoginViewController.swift */; };
		6353ACFD26150EE00046CEA9 /* Main.storyboard in Resources */ = {isa = PBXBuildFile; fileRef = 6353ACFB26150EE00046CEA9 /* Main.storyboard */; };
		6353ACFF26150F1E0046CEA9 /* Assets.xcassets in Resources */ = {isa = PBXBuildFile; fileRef = 6353ACFE26150F1E0046CEA9 /* Assets.xcassets */; };
		6353AD0226150F1E0046CEA9 /* LaunchScreen.storyboard in Resources */ = {isa = PBXBuildFile; fileRef = 6353AD0026150F1E0046CEA9 /* LaunchScreen.storyboard */; };
		63740960261ACCF90023976E /* TableViewController.swift in Sources */ = {isa = PBXBuildFile; fileRef = 6374095F261ACCF90023976E /* TableViewController.swift */; };
		63740964261ACD190023976E /* CollectionViewController.swift in Sources */ = {isa = PBXBuildFile; fileRef = 63740963261ACD190023976E /* CollectionViewController.swift */; };
/* End PBXBuildFile section */

/* Begin PBXFileReference section */
		6353ACF226150EDF0046CEA9 /* Part2_L1_DavidArabyan.app */ = {isa = PBXFileReference; explicitFileType = wrapper.application; includeInIndex = 0; path = Part2_L1_DavidArabyan.app; sourceTree = BUILT_PRODUCTS_DIR; };
		6353ACF526150EE00046CEA9 /* AppDelegate.swift */ = {isa = PBXFileReference; lastKnownFileType = sourcecode.swift; path = AppDelegate.swift; sourceTree = "<group>"; };
		6353ACF726150EE00046CEA9 /* SceneDelegate.swift */ = {isa = PBXFileReference; lastKnownFileType = sourcecode.swift; path = SceneDelegate.swift; sourceTree = "<group>"; };
		6353ACF926150EE00046CEA9 /* LoginViewController.swift */ = {isa = PBXFileReference; lastKnownFileType = sourcecode.swift; path = LoginViewController.swift; sourceTree = "<group>"; };
		6353ACFC26150EE00046CEA9 /* Base */ = {isa = PBXFileReference; lastKnownFileType = file.storyboard; name = Base; path = Base.lproj/Main.storyboard; sourceTree = "<group>"; };
		6353ACFE26150F1E0046CEA9 /* Assets.xcassets */ = {isa = PBXFileReference; lastKnownFileType = folder.assetcatalog; path = Assets.xcassets; sourceTree = "<group>"; };
		6353AD0126150F1E0046CEA9 /* Base */ = {isa = PBXFileReference; lastKnownFileType = file.storyboard; name = Base; path = Base.lproj/LaunchScreen.storyboard; sourceTree = "<group>"; };
		6353AD0326150F1E0046CEA9 /* Info.plist */ = {isa = PBXFileReference; lastKnownFileType = text.plist.xml; path = Info.plist; sourceTree = "<group>"; };
		6374095F261ACCF90023976E /* TableViewController.swift */ = {isa = PBXFileReference; lastKnownFileType = sourcecode.swift; path = TableViewController.swift; sourceTree = "<group>"; };
		63740963261ACD190023976E /* CollectionViewController.swift */ = {isa = PBXFileReference; lastKnownFileType = sourcecode.swift; path = CollectionViewController.swift; sourceTree = "<group>"; };
/* End PBXFileReference section */

/* Begin PBXFrameworksBuildPhase section */
		6353ACEF26150EDF0046CEA9 /* Frameworks */ = {
			isa = PBXFrameworksBuildPhase;
			buildActionMask = 2147483647;
			files = (
			);
			runOnlyForDeploymentPostprocessing = 0;
		};
/* End PBXFrameworksBuildPhase section */

/* Begin PBXGroup section */
		6353ACE926150EDC0046CEA9 = {
			isa = PBXGroup;
			children = (
				6353ACF426150EDF0046CEA9 /* Part2_L1_DavidArabyan */,
				6353ACF326150EDF0046CEA9 /* Products */,
			);
			sourceTree = "<group>";
		};
		6353ACF326150EDF0046CEA9 /* Products */ = {
			isa = PBXGroup;
			children = (
				6353ACF226150EDF0046CEA9 /* Part2_L1_DavidArabyan.app */,
			);
			name = Products;
			sourceTree = "<group>";
		};
		6353ACF426150EDF0046CEA9 /* Part2_L1_DavidArabyan */ = {
			isa = PBXGroup;
			children = (
				6353AD0B261522FD0046CEA9 /* Controller */,
				6353AD0A261522EE0046CEA9 /* View */,
				6353ACF526150EE00046CEA9 /* AppDelegate.swift */,
				6353ACF726150EE00046CEA9 /* SceneDelegate.swift */,
				6353ACFE26150F1E0046CEA9 /* Assets.xcassets */,
				6353AD0026150F1E0046CEA9 /* LaunchScreen.storyboard */,
				6353AD0326150F1E0046CEA9 /* Info.plist */,
			);
			path = Part2_L1_DavidArabyan;
			sourceTree = "<group>";
		};
		6353AD0A261522EE0046CEA9 /* View */ = {
			isa = PBXGroup;
			children = (
				6353ACFB26150EE00046CEA9 /* Main.storyboard */,
			);
			path = View;
			sourceTree = "<group>";
		};
		6353AD0B261522FD0046CEA9 /* Controller */ = {
			isa = PBXGroup;
			children = (
				6353ACF926150EE00046CEA9 /* LoginViewController.swift */,
				6374095F261ACCF90023976E /* TableViewController.swift */,
				63740963261ACD190023976E /* CollectionViewController.swift */,
			);
			path = Controller;
			sourceTree = "<group>";
		};
/* End PBXGroup section */

/* Begin PBXNativeTarget section */
		6353ACF126150EDF0046CEA9 /* Part2_L1_DavidArabyan */ = {
			isa = PBXNativeTarget;
			buildConfigurationList = 6353AD0626150F1E0046CEA9 /* Build configuration list for PBXNativeTarget "Part2_L1_DavidArabyan" */;
			buildPhases = (
				6353ACEE26150EDF0046CEA9 /* Sources */,
				6353ACEF26150EDF0046CEA9 /* Frameworks */,
				6353ACF026150EDF0046CEA9 /* Resources */,
			);
			buildRules = (
			);
			dependencies = (
			);
			name = Part2_L1_DavidArabyan;
			productName = Part2_L1_DavidArabyan;
			productReference = 6353ACF226150EDF0046CEA9 /* Part2_L1_DavidArabyan.app */;
			productType = "com.apple.product-type.application";
		};
/* End PBXNativeTarget section */

/* Begin PBXProject section */
		6353ACEA26150EDD0046CEA9 /* Project object */ = {
			isa = PBXProject;
			attributes = {
				LastSwiftUpdateCheck = 1240;
				LastUpgradeCheck = 1240;
				TargetAttributes = {
					6353ACF126150EDF0046CEA9 = {
						CreatedOnToolsVersion = 12.4;
					};
				};
			};
			buildConfigurationList = 6353ACED26150EDE0046CEA9 /* Build configuration list for PBXProject "Part2_L1_DavidArabyan" */;
			compatibilityVersion = "Xcode 9.3";
			developmentRegion = en;
			hasScannedForEncodings = 0;
			knownRegions = (
				en,
				Base,
			);
			mainGroup = 6353ACE926150EDC0046CEA9;
			productRefGroup = 6353ACF326150EDF0046CEA9 /* Products */;
			projectDirPath = "";
			projectRoot = "";
			targets = (
				6353ACF126150EDF0046CEA9 /* Part2_L1_DavidArabyan */,
			);
		};
/* End PBXProject section */

/* Begin PBXResourcesBuildPhase section */
		6353ACF026150EDF0046CEA9 /* Resources */ = {
			isa = PBXResourcesBuildPhase;
			buildActionMask = 2147483647;
			files = (
				6353AD0226150F1E0046CEA9 /* LaunchScreen.storyboard in Resources */,
				6353ACFF26150F1E0046CEA9 /* Assets.xcassets in Resources */,
				6353ACFD26150EE00046CEA9 /* Main.storyboard in Resources */,
			);
			runOnlyForDeploymentPostprocessing = 0;
		};
/* End PBXResourcesBuildPhase section */

/* Begin PBXSourcesBuildPhase section */
		6353ACEE26150EDF0046CEA9 /* Sources */ = {
			isa = PBXSourcesBuildPhase;
			buildActionMask = 2147483647;
			files = (
				6353ACFA26150EE00046CEA9 /* LoginViewController.swift in Sources */,
				6353ACF626150EE00046CEA9 /* AppDelegate.swift in Sources */,
				6353ACF826150EE00046CEA9 /* SceneDelegate.swift in Sources */,
				63740960261ACCF90023976E /* TableViewController.swift in Sources */,
				63740964261ACD190023976E /* CollectionViewController.swift in Sources */,
			);
			runOnlyForDeploymentPostprocessing = 0;
		};
/* End PBXSourcesBuildPhase section */

/* Begin PBXVariantGroup section */
		6353ACFB26150EE00046CEA9 /* Main.storyboard */ = {
			isa = PBXVariantGroup;
			children = (
				6353ACFC26150EE00046CEA9 /* Base */,
			);
			name = Main.storyboard;
			sourceTree = "<group>";
		};
		6353AD0026150F1E0046CEA9 /* LaunchScreen.storyboard */ = {
			isa = PBXVariantGroup;
			children = (
				6353AD0126150F1E0046CEA9 /* Base */,
			);
			name = LaunchScreen.storyboard;
			sourceTree = "<group>";
		};
/* End PBXVariantGroup section */

/* Begin XCBuildConfiguration section */
		6353AD0426150F1E0046CEA9 /* Debug */ = {
			isa = XCBuildConfiguration;
			buildSettings = {
				ALWAYS_SEARCH_USER_PATHS = NO;
				CLANG_ANALYZER_NONNULL = YES;
				CLANG_ANALYZER_NUMBER_OBJECT_CONVERSION = YES_AGGRESSIVE;
				CLANG_CXX_LANGUAGE_STANDARD = "gnu++14";
				CLANG_CXX_LIBRARY = "libc++";
				CLANG_ENABLE_MODULES = YES;
				CLANG_ENABLE_OBJC_ARC = YES;
				CLANG_ENABLE_OBJC_WEAK = YES;
				CLANG_WARN_BLOCK_CAPTURE_AUTORELEASING = YES;
				CLANG_WARN_BOOL_CONVERSION = YES;
				CLANG_WARN_COMMA = YES;
				CLANG_WARN_CONSTANT_CONVERSION = YES;
				CLANG_WARN_DEPRECATED_OBJC_IMPLEMENTATIONS = YES;
				CLANG_WARN_DIRECT_OBJC_ISA_USAGE = YES_ERROR;
				CLANG_WARN_DOCUMENTATION_COMMENTS = YES;
				CLANG_WARN_EMPTY_BODY = YES;
				CLANG_WARN_ENUM_CONVERSION = YES;
				CLANG_WARN_INFINITE_RECURSION = YES;
				CLANG_WARN_INT_CONVERSION = YES;
				CLANG_WARN_NON_LITERAL_NULL_CONVERSION = YES;
				CLANG_WARN_OBJC_IMPLICIT_RETAIN_SELF = YES;
				CLANG_WARN_OBJC_LITERAL_CONVERSION = YES;
				CLANG_WARN_OBJC_ROOT_CLASS = YES_ERROR;
				CLANG_WARN_QUOTED_INCLUDE_IN_FRAMEWORK_HEADER = YES;
				CLANG_WARN_RANGE_LOOP_ANALYSIS = YES;
				CLANG_WARN_STRICT_PROTOTYPES = YES;
				CLANG_WARN_SUSPICIOUS_MOVE = YES;
				CLANG_WARN_UNGUARDED_AVAILABILITY = YES_AGGRESSIVE;
				CLANG_WARN_UNREACHABLE_CODE = YES;
				CLANG_WARN__DUPLICATE_METHOD_MATCH = YES;
				COPY_PHASE_STRIP = NO;
				DEBUG_INFORMATION_FORMAT = dwarf;
				ENABLE_STRICT_OBJC_MSGSEND = YES;
				ENABLE_TESTABILITY = YES;
				GCC_C_LANGUAGE_STANDARD = gnu11;
				GCC_DYNAMIC_NO_PIC = NO;
				GCC_NO_COMMON_BLOCKS = YES;
				GCC_OPTIMIZATION_LEVEL = 0;
				GCC_PREPROCESSOR_DEFINITIONS = (
					"DEBUG=1",
					"$(inherited)",
				);
				GCC_WARN_64_TO_32_BIT_CONVERSION = YES;
				GCC_WARN_ABOUT_RETURN_TYPE = YES_ERROR;
				GCC_WARN_UNDECLARED_SELECTOR = YES;
				GCC_WARN_UNINITIALIZED_AUTOS = YES_AGGRESSIVE;
				GCC_WARN_UNUSED_FUNCTION = YES;
				GCC_WARN_UNUSED_VARIABLE = YES;
				IPHONEOS_DEPLOYMENT_TARGET = 13.0;
				MTL_ENABLE_DEBUG_INFO = INCLUDE_SOURCE;
				MTL_FAST_MATH = YES;
				ONLY_ACTIVE_ARCH = YES;
				SDKROOT = iphoneos;
				SWIFT_ACTIVE_COMPILATION_CONDITIONS = DEBUG;
				SWIFT_OPTIMIZATION_LEVEL = "-Onone";
			};
			name = Debug;
		};
		6353AD0526150F1E0046CEA9 /* Release */ = {
			isa = XCBuildConfiguration;
			buildSettings = {
				ALWAYS_SEARCH_USER_PATHS = NO;
				CLANG_ANALYZER_NONNULL = YES;
				CLANG_ANALYZER_NUMBER_OBJECT_CONVERSION = YES_AGGRESSIVE;
				CLANG_CXX_LANGUAGE_STANDARD = "gnu++14";
				CLANG_CXX_LIBRARY = "libc++";
				CLANG_ENABLE_MODULES = YES;
				CLANG_ENABLE_OBJC_ARC = YES;
				CLANG_ENABLE_OBJC_WEAK = YES;
				CLANG_WARN_BLOCK_CAPTURE_AUTORELEASING = YES;
				CLANG_WARN_BOOL_CONVERSION = YES;
				CLANG_WARN_COMMA = YES;
				CLANG_WARN_CONSTANT_CONVERSION = YES;
				CLANG_WARN_DEPRECATED_OBJC_IMPLEMENTATIONS = YES;
				CLANG_WARN_DIRECT_OBJC_ISA_USAGE = YES_ERROR;
				CLANG_WARN_DOCUMENTATION_COMMENTS = YES;
				CLANG_WARN_EMPTY_BODY = YES;
				CLANG_WARN_ENUM_CONVERSION = YES;
				CLANG_WARN_INFINITE_RECURSION = YES;
				CLANG_WARN_INT_CONVERSION = YES;
				CLANG_WARN_NON_LITERAL_NULL_CONVERSION = YES;
				CLANG_WARN_OBJC_IMPLICIT_RETAIN_SELF = YES;
				CLANG_WARN_OBJC_LITERAL_CONVERSION = YES;
				CLANG_WARN_OBJC_ROOT_CLASS = YES_ERROR;
				CLANG_WARN_QUOTED_INCLUDE_IN_FRAMEWORK_HEADER = YES;
				CLANG_WARN_RANGE_LOOP_ANALYSIS = YES;
				CLANG_WARN_STRICT_PROTOTYPES = YES;
				CLANG_WARN_SUSPICIOUS_MOVE = YES;
				CLANG_WARN_UNGUARDED_AVAILABILITY = YES_AGGRESSIVE;
				CLANG_WARN_UNREACHABLE_CODE = YES;
				CLANG_WARN__DUPLICATE_METHOD_MATCH = YES;
				COPY_PHASE_STRIP = NO;
				DEBUG_INFORMATION_FORMAT = "dwarf-with-dsym";
				ENABLE_NS_ASSERTIONS = NO;
				ENABLE_STRICT_OBJC_MSGSEND = YES;
				GCC_C_LANGUAGE_STANDARD = gnu11;
				GCC_NO_COMMON_BLOCKS = YES;
				GCC_WARN_64_TO_32_BIT_CONVERSION = YES;
				GCC_WARN_ABOUT_RETURN_TYPE = YES_ERROR;
				GCC_WARN_UNDECLARED_SELECTOR = YES;
				GCC_WARN_UNINITIALIZED_AUTOS = YES_AGGRESSIVE;
				GCC_WARN_UNUSED_FUNCTION = YES;
				GCC_WARN_UNUSED_VARIABLE = YES;
				IPHONEOS_DEPLOYMENT_TARGET = 13.0;
				MTL_ENABLE_DEBUG_INFO = NO;
				MTL_FAST_MATH = YES;
				SDKROOT = iphoneos;
				SWIFT_COMPILATION_MODE = wholemodule;
				SWIFT_OPTIMIZATION_LEVEL = "-O";
				VALIDATE_PRODUCT = YES;
			};
			name = Release;
		};
		6353AD0726150F1E0046CEA9 /* Debug */ = {
			isa = XCBuildConfiguration;
			buildSettings = {
				ASSETCATALOG_COMPILER_APPICON_NAME = AppIcon;
				ASSETCATALOG_COMPILER_GLOBAL_ACCENT_COLOR_NAME = AccentColor;
				CODE_SIGN_IDENTITY = "Apple Development";
				CODE_SIGN_STYLE = Automatic;
				DEVELOPMENT_TEAM = "";
				INFOPLIST_FILE = Part2_L1_DavidArabyan/Info.plist;
				IPHONEOS_DEPLOYMENT_TARGET = 13.0;
				LD_RUNPATH_SEARCH_PATHS = (
					"$(inherited)",
					"@executable_path/Frameworks",
				);
				MARKETING_VERSION = 1.0.0;
				PRODUCT_BUNDLE_IDENTIFIER = "-.Part2-L1-DavidArabyan";
				PRODUCT_NAME = "$(TARGET_NAME)";
				PROVISIONING_PROFILE_SPECIFIER = "";
				SWIFT_VERSION = 5.0;
				TARGETED_DEVICE_FAMILY = "1,2";
			};
			name = Debug;
		};
		6353AD0826150F1E0046CEA9 /* Release */ = {
			isa = XCBuildConfiguration;
			buildSettings = {
				ASSETCATALOG_COMPILER_APPICON_NAME = AppIcon;
				ASSETCATALOG_COMPILER_GLOBAL_ACCENT_COLOR_NAME = AccentColor;
				CODE_SIGN_IDENTITY = "Apple Development";
				CODE_SIGN_STYLE = Automatic;
				DEVELOPMENT_TEAM = "";
				INFOPLIST_FILE = Part2_L1_DavidArabyan/Info.plist;
				IPHONEOS_DEPLOYMENT_TARGET = 13.0;
				LD_RUNPATH_SEARCH_PATHS = (
					"$(inherited)",
					"@executable_path/Frameworks",
				);
				MARKETING_VERSION = 1.0.0;
				PRODUCT_BUNDLE_IDENTIFIER = "-.Part2-L1-DavidArabyan";
				PRODUCT_NAME = "$(TARGET_NAME)";
				PROVISIONING_PROFILE_SPECIFIER = "";
				SWIFT_VERSION = 5.0;
				TARGETED_DEVICE_FAMILY = "1,2";
			};
			name = Release;
		};
/* End XCBuildConfiguration section */

/* Begin XCConfigurationList section */
		6353ACED26150EDE0046CEA9 /* Build configuration list for PBXProject "Part2_L1_DavidArabyan" */ = {
			isa = XCConfigurationList;
			buildConfigurations = (
				6353AD0426150F1E0046CEA9 /* Debug */,
				6353AD0526150F1E0046CEA9 /* Release */,
			);
			defaultConfigurationIsVisible = 0;
			defaultConfigurationName = Release;
		};
		6353AD0626150F1E0046CEA9 /* Build configuration list for PBXNativeTarget "Part2_L1_DavidArabyan" */ = {
			isa = XCConfigurationList;
			buildConfigurations = (
				6353AD0726150F1E0046CEA9 /* Debug */,
				6353AD0826150F1E0046CEA9 /* Release */,
			);
			defaultConfigurationIsVisible = 0;
			defaultConfigurationName = Release;
		};
/* End XCConfigurationList section */
	};
	rootObject = 6353ACEA26150EDD0046CEA9 /* Project object */;
}
